
Microsoft Visual Studio Solution File, Format Version 12.00
# Visual Studio 15
Project("{FAE04EC0-301F-11D3-BF4B-00C04F79EFBC}") = "UnityEngine.UI", "UnityEngine.UI.csproj", "{904CF852-CA99-4A35-239E-7DE1BDA684F4}"
EndProject
Project("{FAE04EC0-301F-11D3-BF4B-00C04F79EFBC}") = "Unity.RenderPipelines.Core.Runtime", "Unity.RenderPipelines.Core.Runtime.csproj", "{E3780110-0646-B75A-5F5A-48C32A485011}"
EndProject
Project("{FAE04EC0-301F-11D3-BF4B-00C04F79EFBC}") = "UnityEngine.TestRunner", "UnityEngine.TestRunner.csproj", "{9C0DE49B-CE1E-87B5-0D49-60A09B9F3051}"
EndProject
Project("{FAE04EC0-301F-11D3-BF4B-00C04F79EFBC}") = "Unity.Mathematics", "Unity.Mathematics.csproj", "{38EE8BAA-62C1-7FFF-9C33-B9E9FE204DF6}"
EndProject
Project("{FAE04EC0-301F-11D3-BF4B-00C04F79EFBC}") = "Unity.RenderPipelines.Universal.Runtime", "Unity.RenderPipelines.Universal.Runtime.csproj", "{C5739744-A720-55EA-CD60-21F42F81F1C7}"
EndProject
Project("{FAE04EC0-301F-11D3-BF4B-00C04F79EFBC}") = "Unity.TextMeshPro", "Unity.TextMeshPro.csproj", "{5CD7575D-36F2-3BA7-178E-D12A438CC39B}"
EndProject
Project("{FAE04EC0-301F-11D3-BF4B-00C04F79EFBC}") = "Unity.ProBuilder.Poly2Tri", "Unity.ProBuilder.Poly2Tri.csproj", "{98926E76-3D26-C8D3-7C19-5B70144A0802}"
EndProject
Project("{FAE04EC0-301F-11D3-BF4B-00C04F79EFBC}") = "Cinemachine", "Cinemachine.csproj", "{D831E9BE-6B7F-F672-5291-968900752DBF}"
EndProject
Project("{FAE04EC0-301F-11D3-BF4B-00C04F79EFBC}") = "Unity.Timeline", "Unity.Timeline.csproj", "{7FE00D79-3F8E-5A8F-E6D7-AD56C36A37DE}"
EndProject
Project("{FAE04EC0-301F-11D3-BF4B-00C04F79EFBC}") = "Unity.ProBuilder", "Unity.ProBuilder.csproj", "{DA835F5A-96E8-3A3F-ED15-62B54CF79CAF}"
EndProject
Project("{FAE04EC0-301F-11D3-BF4B-00C04F79EFBC}") = "Unity.ProBuilder.Csg", "Unity.ProBuilder.Csg.csproj", "{8C249BF1-F872-857E-DFB3-60928DE673C5}"
EndProject
Project("{FAE04EC0-301F-11D3-BF4B-00C04F79EFBC}") = "Unity.ProBuilder.KdTree", "Unity.ProBuilder.KdTree.csproj", "{5C70B63B-2A90-6951-DF7E-7F49C5A4874C}"
EndProject
Project("{FAE04EC0-301F-11D3-BF4B-00C04F79EFBC}") = "Unity.RenderPipelines.Core.ShaderLibrary", "Unity.RenderPipelines.Core.ShaderLibrary.csproj", "{AF4752FA-C42B-640B-C561-E964019595CA}"
EndProject
Project("{FAE04EC0-301F-11D3-BF4B-00C04F79EFBC}") = "Unity.RenderPipeline.Universal.ShaderLibrary", "Unity.RenderPipeline.Universal.ShaderLibrary.csproj", "{35FB4AF9-1CBA-D90E-2439-2AE55A46E750}"
EndProject
Project("{FAE04EC0-301F-11D3-BF4B-00C04F79EFBC}") = "Unity.ProBuilder.Stl", "Unity.ProBuilder.Stl.csproj", "{31374FA3-23AC-7954-3D90-13B2E5FD259D}"
EndProject
Project("{FAE04EC0-301F-11D3-BF4B-00C04F79EFBC}") = "Assembly-CSharp", "Assembly-CSharp.csproj", "{34CE68AD-F139-053A-722F-DAA0E176A954}"
EndProject
Project("{FAE04EC0-301F-11D3-BF4B-00C04F79EFBC}") = "Unity.RenderPipelines.Universal.Shaders", "Unity.RenderPipelines.Universal.Shaders.csproj", "{87FAA38A-38CE-9108-CCCF-D7CDEF95269B}"
EndProject
Project("{FAE04EC0-301F-11D3-BF4B-00C04F79EFBC}") = "Unity.RenderPipelines.ShaderGraph.ShaderGraphLibrary", "Unity.RenderPipelines.ShaderGraph.ShaderGraphLibrary.csproj", "{C52B8056-422D-1557-0219-52FE4A304B4E}"
EndProject
Project("{FAE04EC0-301F-11D3-BF4B-00C04F79EFBC}") = "Unity.ShaderGraph.Editor", "Unity.ShaderGraph.Editor.csproj", "{9BC9EDC5-DE71-FA7B-7883-6C494D157539}"
EndProject
Project("{FAE04EC0-301F-11D3-BF4B-00C04F79EFBC}") = "Unity.VisualStudio.Editor", "Unity.VisualStudio.Editor.csproj", "{EFCA2A54-EC0E-0633-153E-3F5AF6E77E86}"
EndProject
Project("{FAE04EC0-301F-11D3-BF4B-00C04F79EFBC}") = "Unity.ProBuilder.Editor", "Unity.ProBuilder.Editor.csproj", "{5026EA80-A261-41D8-DB1B-CA398058FB5A}"
EndProject
Project("{FAE04EC0-301F-11D3-BF4B-00C04F79EFBC}") = "Unity.Timeline.Editor", "Unity.Timeline.Editor.csproj", "{FD5362C8-4871-FE43-7B07-7827409253C9}"
EndProject
Project("{FAE04EC0-301F-11D3-BF4B-00C04F79EFBC}") = "com.unity.cinemachine.editor", "com.unity.cinemachine.editor.csproj", "{C8806010-A552-371E-8B90-65F01D3AA97E}"
EndProject
Project("{FAE04EC0-301F-11D3-BF4B-00C04F79EFBC}") = "Unity.TextMeshPro.Editor", "Unity.TextMeshPro.Editor.csproj", "{53F46140-457A-5DC8-51D3-93D905574BF0}"
EndProject
Project("{FAE04EC0-301F-11D3-BF4B-00C04F79EFBC}") = "Unity.CollabProxy.Editor", "Unity.CollabProxy.Editor.csproj", "{C939DCEB-457B-E393-C03C-C41F9A3265F6}"
EndProject
Project("{FAE04EC0-301F-11D3-BF4B-00C04F79EFBC}") = "UnityEditor.TestRunner", "UnityEditor.TestRunner.csproj", "{EA339A7D-C353-C636-B50A-C889A5403EBA}"
EndProject
Project("{FAE04EC0-301F-11D3-BF4B-00C04F79EFBC}") = "Unity.Rider.Editor", "Unity.Rider.Editor.csproj", "{8EEAA474-C9BF-BA23-0241-79073F84CFB7}"
EndProject
Project("{FAE04EC0-301F-11D3-BF4B-00C04F79EFBC}") = "Unity.RenderPipelines.Universal.Editor", "Unity.RenderPipelines.Universal.Editor.csproj", "{68CC6CC5-2CF5-1A14-39C7-90113E0720C9}"
EndProject
Project("{FAE04EC0-301F-11D3-BF4B-00C04F79EFBC}") = "Unity.RenderPipelines.Core.Editor", "Unity.RenderPipelines.Core.Editor.csproj", "{D7A179F5-656D-43B9-9C75-F7F1BF956199}"
EndProject
Project("{FAE04EC0-301F-11D3-BF4B-00C04F79EFBC}") = "Unity.Searcher.Editor", "Unity.Searcher.Editor.csproj", "{33E8D49E-639B-E149-1BC0-794469E3969D}"
EndProject
Project("{FAE04EC0-301F-11D3-BF4B-00C04F79EFBC}") = "Unity.VSCode.Editor", "Unity.VSCode.Editor.csproj", "{1EEEC1B6-F600-E236-7E92-63F289ADD4BE}"
EndProject
Project("{FAE04EC0-301F-11D3-BF4B-00C04F79EFBC}") = "Unity.ProBuilder.AssetIdRemapUtility", "Unity.ProBuilder.AssetIdRemapUtility.csproj", "{F7E6B7F8-2D94-618F-F5FD-DAE72F96E089}"
EndProject
Project("{FAE04EC0-301F-11D3-BF4B-00C04F79EFBC}") = "UnityEditor.UI", "UnityEditor.UI.csproj", "{3C453562-4D43-F1B7-0CAC-AB2B00B272A8}"
EndProject
Project("{FAE04EC0-301F-11D3-BF4B-00C04F79EFBC}") = "Unity.Settings.Editor", "Unity.Settings.Editor.csproj", "{ADE54FC5-2D19-6D05-75F6-59ACC2E77CD2}"
EndProject
Project("{FAE04EC0-301F-11D3-BF4B-00C04F79EFBC}") = "Unity.Mathematics.Editor", "Unity.Mathematics.Editor.csproj", "{72958AC9-B117-C4B2-0022-4ECA628C4019}"
EndProject
Project("{FAE04EC0-301F-11D3-BF4B-00C04F79EFBC}") = "Assembly-CSharp-Editor", "Assembly-CSharp-Editor.csproj", "{403C505D-D853-3F3D-3B00-1DA695FB5F72}"
EndProject
Project("{FAE04EC0-301F-11D3-BF4B-00C04F79EFBC}") = "Unity.ShaderGraph.Utilities", "Unity.ShaderGraph.Utilities.csproj", "{F2A5865C-B49D-618D-B2A7-9331C1A5CA44}"
EndProject
Project("{FAE04EC0-301F-11D3-BF4B-00C04F79EFBC}") = "Unity.ProBuilder.AddOns.Editor", "Unity.ProBuilder.AddOns.Editor.csproj", "{42DAC6E3-5DCA-5D29-E94B-469A25AF47D5}"
EndProject
Project("{FAE04EC0-301F-11D3-BF4B-00C04F79EFBC}") = "UnityEngine.UI", "UnityEngine.UI.Player.csproj", "{AAC83CA7-D570-8509-E9D5-B2C69C72E558}"
EndProject
Project("{FAE04EC0-301F-11D3-BF4B-00C04F79EFBC}") = "Unity.RenderPipelines.Core.Runtime", "Unity.RenderPipelines.Core.Runtime.Player.csproj", "{33E59A54-2FF2-A4D1-ABA0-0FD073DFCE7F}"
EndProject
Project("{FAE04EC0-301F-11D3-BF4B-00C04F79EFBC}") = "UnityEngine.TestRunner", "UnityEngine.TestRunner.Player.csproj", "{97DE150D-239A-F0C5-9631-477EFBE626A2}"
EndProject
Project("{FAE04EC0-301F-11D3-BF4B-00C04F79EFBC}") = "Unity.Mathematics", "Unity.Mathematics.Player.csproj", "{DBB02C0A-D05A-611B-C0B1-86FA3B9EB224}"
EndProject
Project("{FAE04EC0-301F-11D3-BF4B-00C04F79EFBC}") = "Unity.RenderPipelines.Universal.Runtime", "Unity.RenderPipelines.Universal.Runtime.Player.csproj", "{7F1BE4BD-EB9F-58D7-AB3B-4781AD18EDC3}"
EndProject
Project("{FAE04EC0-301F-11D3-BF4B-00C04F79EFBC}") = "Unity.TextMeshPro", "Unity.TextMeshPro.Player.csproj", "{C9ED6413-C42A-F75E-39CE-CE6CB6EE750F}"
EndProject
Project("{FAE04EC0-301F-11D3-BF4B-00C04F79EFBC}") = "Unity.ProBuilder.Poly2Tri", "Unity.ProBuilder.Poly2Tri.Player.csproj", "{4F2C3D33-015E-AB11-4AEF-FD8530A23A72}"
EndProject
Project("{FAE04EC0-301F-11D3-BF4B-00C04F79EFBC}") = "Cinemachine", "Cinemachine.Player.csproj", "{D9FE8723-043F-CA24-52A0-599F0E6EB290}"
EndProject
Project("{FAE04EC0-301F-11D3-BF4B-00C04F79EFBC}") = "Unity.Timeline", "Unity.Timeline.Player.csproj", "{8F041D7C-B022-6BCA-F6BB-246E1D4DA479}"
EndProject
Project("{FAE04EC0-301F-11D3-BF4B-00C04F79EFBC}") = "Unity.ProBuilder", "Unity.ProBuilder.Player.csproj", "{F3D6E68A-00E6-7141-8570-B77E75816708}"
EndProject
Project("{FAE04EC0-301F-11D3-BF4B-00C04F79EFBC}") = "Unity.ProBuilder.Csg", "Unity.ProBuilder.Csg.Player.csproj", "{22D5DD08-926E-2988-FD40-D22F14405BEE}"
EndProject
Project("{FAE04EC0-301F-11D3-BF4B-00C04F79EFBC}") = "Unity.ProBuilder.KdTree", "Unity.ProBuilder.KdTree.Player.csproj", "{AB39042C-C153-FE0A-E1B8-1F62CEF0BADD}"
EndProject
Project("{FAE04EC0-301F-11D3-BF4B-00C04F79EFBC}") = "Unity.RenderPipelines.Core.ShaderLibrary", "Unity.RenderPipelines.Core.ShaderLibrary.Player.csproj", "{E5F11DF6-2E3A-5F4C-842F-818443250908}"
EndProject
Project("{FAE04EC0-301F-11D3-BF4B-00C04F79EFBC}") = "Unity.RenderPipeline.Universal.ShaderLibrary", "Unity.RenderPipeline.Universal.ShaderLibrary.Player.csproj", "{F5C2DB47-CD9A-CD11-3C6A-3DE7439F9340}"
EndProject
Project("{FAE04EC0-301F-11D3-BF4B-00C04F79EFBC}") = "Unity.ProBuilder.Stl", "Unity.ProBuilder.Stl.Player.csproj", "{41109C66-A851-DC67-35C1-C27845B2F2A9}"
EndProject
Project("{FAE04EC0-301F-11D3-BF4B-00C04F79EFBC}") = "Assembly-CSharp", "Assembly-CSharp.Player.csproj", "{1C6C2DDE-3C96-4C7C-4B66-6EE445F40CF1}"
EndProject
Project("{FAE04EC0-301F-11D3-BF4B-00C04F79EFBC}") = "Unity.RenderPipelines.Universal.Shaders", "Unity.RenderPipelines.Universal.Shaders.Player.csproj", "{31F8F129-C101-D467-72C6-768A587091A1}"
EndProject
Project("{FAE04EC0-301F-11D3-BF4B-00C04F79EFBC}") = "Unity.RenderPipelines.ShaderGraph.ShaderGraphLibrary", "Unity.RenderPipelines.ShaderGraph.ShaderGraphLibrary.Player.csproj", "{A576C61F-7CC5-B916-5F34-333134C1F360}"
EndProject
Global
	GlobalSection(SolutionConfigurationPlatforms) = preSolution
		Debug|Any CPU = Debug|Any CPU
		Release|Any CPU = Release|Any CPU
	EndGlobalSection
	GlobalSection(ProjectConfigurationPlatforms) = postSolution
		{904CF852-CA99-4A35-239E-7DE1BDA684F4}.Debug|Any CPU.ActiveCfg = Debug|Any CPU
		{904CF852-CA99-4A35-239E-7DE1BDA684F4}.Debug|Any CPU.Build.0 = Debug|Any CPU
		{904CF852-CA99-4A35-239E-7DE1BDA684F4}.Release|Any CPU.ActiveCfg = Release|Any CPU
		{904CF852-CA99-4A35-239E-7DE1BDA684F4}.Release|Any CPU.Build.0 = Release|Any CPU
		{E3780110-0646-B75A-5F5A-48C32A485011}.Debug|Any CPU.ActiveCfg = Debug|Any CPU
		{E3780110-0646-B75A-5F5A-48C32A485011}.Debug|Any CPU.Build.0 = Debug|Any CPU
		{E3780110-0646-B75A-5F5A-48C32A485011}.Release|Any CPU.ActiveCfg = Release|Any CPU
		{E3780110-0646-B75A-5F5A-48C32A485011}.Release|Any CPU.Build.0 = Release|Any CPU
		{9C0DE49B-CE1E-87B5-0D49-60A09B9F3051}.Debug|Any CPU.ActiveCfg = Debug|Any CPU
		{9C0DE49B-CE1E-87B5-0D49-60A09B9F3051}.Debug|Any CPU.Build.0 = Debug|Any CPU
		{9C0DE49B-CE1E-87B5-0D49-60A09B9F3051}.Release|Any CPU.ActiveCfg = Release|Any CPU
		{9C0DE49B-CE1E-87B5-0D49-60A09B9F3051}.Release|Any CPU.Build.0 = Release|Any CPU
		{38EE8BAA-62C1-7FFF-9C33-B9E9FE204DF6}.Debug|Any CPU.ActiveCfg = Debug|Any CPU
		{38EE8BAA-62C1-7FFF-9C33-B9E9FE204DF6}.Debug|Any CPU.Build.0 = Debug|Any CPU
		{38EE8BAA-62C1-7FFF-9C33-B9E9FE204DF6}.Release|Any CPU.ActiveCfg = Release|Any CPU
		{38EE8BAA-62C1-7FFF-9C33-B9E9FE204DF6}.Release|Any CPU.Build.0 = Release|Any CPU
		{C5739744-A720-55EA-CD60-21F42F81F1C7}.Debug|Any CPU.ActiveCfg = Debug|Any CPU
		{C5739744-A720-55EA-CD60-21F42F81F1C7}.Debug|Any CPU.Build.0 = Debug|Any CPU
		{C5739744-A720-55EA-CD60-21F42F81F1C7}.Release|Any CPU.ActiveCfg = Release|Any CPU
		{C5739744-A720-55EA-CD60-21F42F81F1C7}.Release|Any CPU.Build.0 = Release|Any CPU
		{5CD7575D-36F2-3BA7-178E-D12A438CC39B}.Debug|Any CPU.ActiveCfg = Debug|Any CPU
		{5CD7575D-36F2-3BA7-178E-D12A438CC39B}.Debug|Any CPU.Build.0 = Debug|Any CPU
		{5CD7575D-36F2-3BA7-178E-D12A438CC39B}.Release|Any CPU.ActiveCfg = Release|Any CPU
		{5CD7575D-36F2-3BA7-178E-D12A438CC39B}.Release|Any CPU.Build.0 = Release|Any CPU
		{98926E76-3D26-C8D3-7C19-5B70144A0802}.Debug|Any CPU.ActiveCfg = Debug|Any CPU
		{98926E76-3D26-C8D3-7C19-5B70144A0802}.Debug|Any CPU.Build.0 = Debug|Any CPU
		{98926E76-3D26-C8D3-7C19-5B70144A0802}.Release|Any CPU.ActiveCfg = Release|Any CPU
		{98926E76-3D26-C8D3-7C19-5B70144A0802}.Release|Any CPU.Build.0 = Release|Any CPU
		{D831E9BE-6B7F-F672-5291-968900752DBF}.Debug|Any CPU.ActiveCfg = Debug|Any CPU
		{D831E9BE-6B7F-F672-5291-968900752DBF}.Debug|Any CPU.Build.0 = Debug|Any CPU
		{D831E9BE-6B7F-F672-5291-968900752DBF}.Release|Any CPU.ActiveCfg = Release|Any CPU
		{D831E9BE-6B7F-F672-5291-968900752DBF}.Release|Any CPU.Build.0 = Release|Any CPU
		{7FE00D79-3F8E-5A8F-E6D7-AD56C36A37DE}.Debug|Any CPU.ActiveCfg = Debug|Any CPU
		{7FE00D79-3F8E-5A8F-E6D7-AD56C36A37DE}.Debug|Any CPU.Build.0 = Debug|Any CPU
		{7FE00D79-3F8E-5A8F-E6D7-AD56C36A37DE}.Release|Any CPU.ActiveCfg = Release|Any CPU
		{7FE00D79-3F8E-5A8F-E6D7-AD56C36A37DE}.Release|Any CPU.Build.0 = Release|Any CPU
		{DA835F5A-96E8-3A3F-ED15-62B54CF79CAF}.Debug|Any CPU.ActiveCfg = Debug|Any CPU
		{DA835F5A-96E8-3A3F-ED15-62B54CF79CAF}.Debug|Any CPU.Build.0 = Debug|Any CPU
		{DA835F5A-96E8-3A3F-ED15-62B54CF79CAF}.Release|Any CPU.ActiveCfg = Release|Any CPU
		{DA835F5A-96E8-3A3F-ED15-62B54CF79CAF}.Release|Any CPU.Build.0 = Release|Any CPU
		{8C249BF1-F872-857E-DFB3-60928DE673C5}.Debug|Any CPU.ActiveCfg = Debug|Any CPU
		{8C249BF1-F872-857E-DFB3-60928DE673C5}.Debug|Any CPU.Build.0 = Debug|Any CPU
		{8C249BF1-F872-857E-DFB3-60928DE673C5}.Release|Any CPU.ActiveCfg = Release|Any CPU
		{8C249BF1-F872-857E-DFB3-60928DE673C5}.Release|Any CPU.Build.0 = Release|Any CPU
		{5C70B63B-2A90-6951-DF7E-7F49C5A4874C}.Debug|Any CPU.ActiveCfg = Debug|Any CPU
		{5C70B63B-2A90-6951-DF7E-7F49C5A4874C}.Debug|Any CPU.Build.0 = Debug|Any CPU
		{5C70B63B-2A90-6951-DF7E-7F49C5A4874C}.Release|Any CPU.ActiveCfg = Release|Any CPU
		{5C70B63B-2A90-6951-DF7E-7F49C5A4874C}.Release|Any CPU.Build.0 = Release|Any CPU
		{AF4752FA-C42B-640B-C561-E964019595CA}.Debug|Any CPU.ActiveCfg = Debug|Any CPU
		{AF4752FA-C42B-640B-C561-E964019595CA}.Debug|Any CPU.Build.0 = Debug|Any CPU
		{AF4752FA-C42B-640B-C561-E964019595CA}.Release|Any CPU.ActiveCfg = Release|Any CPU
		{AF4752FA-C42B-640B-C561-E964019595CA}.Release|Any CPU.Build.0 = Release|Any CPU
		{35FB4AF9-1CBA-D90E-2439-2AE55A46E750}.Debug|Any CPU.ActiveCfg = Debug|Any CPU
		{35FB4AF9-1CBA-D90E-2439-2AE55A46E750}.Debug|Any CPU.Build.0 = Debug|Any CPU
		{35FB4AF9-1CBA-D90E-2439-2AE55A46E750}.Release|Any CPU.ActiveCfg = Release|Any CPU
		{35FB4AF9-1CBA-D90E-2439-2AE55A46E750}.Release|Any CPU.Build.0 = Release|Any CPU
		{31374FA3-23AC-7954-3D90-13B2E5FD259D}.Debug|Any CPU.ActiveCfg = Debug|Any CPU
		{31374FA3-23AC-7954-3D90-13B2E5FD259D}.Debug|Any CPU.Build.0 = Debug|Any CPU
		{31374FA3-23AC-7954-3D90-13B2E5FD259D}.Release|Any CPU.ActiveCfg = Release|Any CPU
		{31374FA3-23AC-7954-3D90-13B2E5FD259D}.Release|Any CPU.Build.0 = Release|Any CPU
		{34CE68AD-F139-053A-722F-DAA0E176A954}.Debug|Any CPU.ActiveCfg = Debug|Any CPU
		{34CE68AD-F139-053A-722F-DAA0E176A954}.Debug|Any CPU.Build.0 = Debug|Any CPU
		{34CE68AD-F139-053A-722F-DAA0E176A954}.Release|Any CPU.ActiveCfg = Release|Any CPU
		{34CE68AD-F139-053A-722F-DAA0E176A954}.Release|Any CPU.Build.0 = Release|Any CPU
		{87FAA38A-38CE-9108-CCCF-D7CDEF95269B}.Debug|Any CPU.ActiveCfg = Debug|Any CPU
		{87FAA38A-38CE-9108-CCCF-D7CDEF95269B}.Debug|Any CPU.Build.0 = Debug|Any CPU
		{87FAA38A-38CE-9108-CCCF-D7CDEF95269B}.Release|Any CPU.ActiveCfg = Release|Any CPU
		{87FAA38A-38CE-9108-CCCF-D7CDEF95269B}.Release|Any CPU.Build.0 = Release|Any CPU
		{C52B8056-422D-1557-0219-52FE4A304B4E}.Debug|Any CPU.ActiveCfg = Debug|Any CPU
		{C52B8056-422D-1557-0219-52FE4A304B4E}.Debug|Any CPU.Build.0 = Debug|Any CPU
		{C52B8056-422D-1557-0219-52FE4A304B4E}.Release|Any CPU.ActiveCfg = Release|Any CPU
		{C52B8056-422D-1557-0219-52FE4A304B4E}.Release|Any CPU.Build.0 = Release|Any CPU
		{9BC9EDC5-DE71-FA7B-7883-6C494D157539}.Debug|Any CPU.ActiveCfg = Debug|Any CPU
		{9BC9EDC5-DE71-FA7B-7883-6C494D157539}.Debug|Any CPU.Build.0 = Debug|Any CPU
		{9BC9EDC5-DE71-FA7B-7883-6C494D157539}.Release|Any CPU.ActiveCfg = Release|Any CPU
		{9BC9EDC5-DE71-FA7B-7883-6C494D157539}.Release|Any CPU.Build.0 = Release|Any CPU
		{EFCA2A54-EC0E-0633-153E-3F5AF6E77E86}.Debug|Any CPU.ActiveCfg = Debug|Any CPU
		{EFCA2A54-EC0E-0633-153E-3F5AF6E77E86}.Debug|Any CPU.Build.0 = Debug|Any CPU
		{EFCA2A54-EC0E-0633-153E-3F5AF6E77E86}.Release|Any CPU.ActiveCfg = Release|Any CPU
		{EFCA2A54-EC0E-0633-153E-3F5AF6E77E86}.Release|Any CPU.Build.0 = Release|Any CPU
		{5026EA80-A261-41D8-DB1B-CA398058FB5A}.Debug|Any CPU.ActiveCfg = Debug|Any CPU
		{5026EA80-A261-41D8-DB1B-CA398058FB5A}.Debug|Any CPU.Build.0 = Debug|Any CPU
		{5026EA80-A261-41D8-DB1B-CA398058FB5A}.Release|Any CPU.ActiveCfg = Release|Any CPU
		{5026EA80-A261-41D8-DB1B-CA398058FB5A}.Release|Any CPU.Build.0 = Release|Any CPU
		{FD5362C8-4871-FE43-7B07-7827409253C9}.Debug|Any CPU.ActiveCfg = Debug|Any CPU
		{FD5362C8-4871-FE43-7B07-7827409253C9}.Debug|Any CPU.Build.0 = Debug|Any CPU
		{FD5362C8-4871-FE43-7B07-7827409253C9}.Release|Any CPU.ActiveCfg = Release|Any CPU
		{FD5362C8-4871-FE43-7B07-7827409253C9}.Release|Any CPU.Build.0 = Release|Any CPU
		{C8806010-A552-371E-8B90-65F01D3AA97E}.Debug|Any CPU.ActiveCfg = Debug|Any CPU
		{C8806010-A552-371E-8B90-65F01D3AA97E}.Debug|Any CPU.Build.0 = Debug|Any CPU
		{C8806010-A552-371E-8B90-65F01D3AA97E}.Release|Any CPU.ActiveCfg = Release|Any CPU
		{C8806010-A552-371E-8B90-65F01D3AA97E}.Release|Any CPU.Build.0 = Release|Any CPU
		{53F46140-457A-5DC8-51D3-93D905574BF0}.Debug|Any CPU.ActiveCfg = Debug|Any CPU
		{53F46140-457A-5DC8-51D3-93D905574BF0}.Debug|Any CPU.Build.0 = Debug|Any CPU
		{53F46140-457A-5DC8-51D3-93D905574BF0}.Release|Any CPU.ActiveCfg = Release|Any CPU
		{53F46140-457A-5DC8-51D3-93D905574BF0}.Release|Any CPU.Build.0 = Release|Any CPU
		{C939DCEB-457B-E393-C03C-C41F9A3265F6}.Debug|Any CPU.ActiveCfg = Debug|Any CPU
		{C939DCEB-457B-E393-C03C-C41F9A3265F6}.Debug|Any CPU.Build.0 = Debug|Any CPU
		{C939DCEB-457B-E393-C03C-C41F9A3265F6}.Release|Any CPU.ActiveCfg = Release|Any CPU
		{C939DCEB-457B-E393-C03C-C41F9A3265F6}.Release|Any CPU.Build.0 = Release|Any CPU
		{EA339A7D-C353-C636-B50A-C889A5403EBA}.Debug|Any CPU.ActiveCfg = Debug|Any CPU
		{EA339A7D-C353-C636-B50A-C889A5403EBA}.Debug|Any CPU.Build.0 = Debug|Any CPU
		{EA339A7D-C353-C636-B50A-C889A5403EBA}.Release|Any CPU.ActiveCfg = Release|Any CPU
		{EA339A7D-C353-C636-B50A-C889A5403EBA}.Release|Any CPU.Build.0 = Release|Any CPU
		{8EEAA474-C9BF-BA23-0241-79073F84CFB7}.Debug|Any CPU.ActiveCfg = Debug|Any CPU
		{8EEAA474-C9BF-BA23-0241-79073F84CFB7}.Debug|Any CPU.Build.0 = Debug|Any CPU
		{8EEAA474-C9BF-BA23-0241-79073F84CFB7}.Release|Any CPU.ActiveCfg = Release|Any CPU
		{8EEAA474-C9BF-BA23-0241-79073F84CFB7}.Release|Any CPU.Build.0 = Release|Any CPU
		{68CC6CC5-2CF5-1A14-39C7-90113E0720C9}.Debug|Any CPU.ActiveCfg = Debug|Any CPU
		{68CC6CC5-2CF5-1A14-39C7-90113E0720C9}.Debug|Any CPU.Build.0 = Debug|Any CPU
		{68CC6CC5-2CF5-1A14-39C7-90113E0720C9}.Release|Any CPU.ActiveCfg = Release|Any CPU
		{68CC6CC5-2CF5-1A14-39C7-90113E0720C9}.Release|Any CPU.Build.0 = Release|Any CPU
		{D7A179F5-656D-43B9-9C75-F7F1BF956199}.Debug|Any CPU.ActiveCfg = Debug|Any CPU
		{D7A179F5-656D-43B9-9C75-F7F1BF956199}.Debug|Any CPU.Build.0 = Debug|Any CPU
		{D7A179F5-656D-43B9-9C75-F7F1BF956199}.Release|Any CPU.ActiveCfg = Release|Any CPU
		{D7A179F5-656D-43B9-9C75-F7F1BF956199}.Release|Any CPU.Build.0 = Release|Any CPU
		{33E8D49E-639B-E149-1BC0-794469E3969D}.Debug|Any CPU.ActiveCfg = Debug|Any CPU
		{33E8D49E-639B-E149-1BC0-794469E3969D}.Debug|Any CPU.Build.0 = Debug|Any CPU
		{33E8D49E-639B-E149-1BC0-794469E3969D}.Release|Any CPU.ActiveCfg = Release|Any CPU
		{33E8D49E-639B-E149-1BC0-794469E3969D}.Release|Any CPU.Build.0 = Release|Any CPU
		{1EEEC1B6-F600-E236-7E92-63F289ADD4BE}.Debug|Any CPU.ActiveCfg = Debug|Any CPU
		{1EEEC1B6-F600-E236-7E92-63F289ADD4BE}.Debug|Any CPU.Build.0 = Debug|Any CPU
		{1EEEC1B6-F600-E236-7E92-63F289ADD4BE}.Release|Any CPU.ActiveCfg = Release|Any CPU
		{1EEEC1B6-F600-E236-7E92-63F289ADD4BE}.Release|Any CPU.Build.0 = Release|Any CPU
		{F7E6B7F8-2D94-618F-F5FD-DAE72F96E089}.Debug|Any CPU.ActiveCfg = Debug|Any CPU
		{F7E6B7F8-2D94-618F-F5FD-DAE72F96E089}.Debug|Any CPU.Build.0 = Debug|Any CPU
		{F7E6B7F8-2D94-618F-F5FD-DAE72F96E089}.Release|Any CPU.ActiveCfg = Release|Any CPU
		{F7E6B7F8-2D94-618F-F5FD-DAE72F96E089}.Release|Any CPU.Build.0 = Release|Any CPU
		{3C453562-4D43-F1B7-0CAC-AB2B00B272A8}.Debug|Any CPU.ActiveCfg = Debug|Any CPU
		{3C453562-4D43-F1B7-0CAC-AB2B00B272A8}.Debug|Any CPU.Build.0 = Debug|Any CPU
		{3C453562-4D43-F1B7-0CAC-AB2B00B272A8}.Release|Any CPU.ActiveCfg = Release|Any CPU
		{3C453562-4D43-F1B7-0CAC-AB2B00B272A8}.Release|Any CPU.Build.0 = Release|Any CPU
		{ADE54FC5-2D19-6D05-75F6-59ACC2E77CD2}.Debug|Any CPU.ActiveCfg = Debug|Any CPU
		{ADE54FC5-2D19-6D05-75F6-59ACC2E77CD2}.Debug|Any CPU.Build.0 = Debug|Any CPU
		{ADE54FC5-2D19-6D05-75F6-59ACC2E77CD2}.Release|Any CPU.ActiveCfg = Release|Any CPU
		{ADE54FC5-2D19-6D05-75F6-59ACC2E77CD2}.Release|Any CPU.Build.0 = Release|Any CPU
		{72958AC9-B117-C4B2-0022-4ECA628C4019}.Debug|Any CPU.ActiveCfg = Debug|Any CPU
		{72958AC9-B117-C4B2-0022-4ECA628C4019}.Debug|Any CPU.Build.0 = Debug|Any CPU
		{72958AC9-B117-C4B2-0022-4ECA628C4019}.Release|Any CPU.ActiveCfg = Release|Any CPU
		{72958AC9-B117-C4B2-0022-4ECA628C4019}.Release|Any CPU.Build.0 = Release|Any CPU
		{403C505D-D853-3F3D-3B00-1DA695FB5F72}.Debug|Any CPU.ActiveCfg = Debug|Any CPU
		{403C505D-D853-3F3D-3B00-1DA695FB5F72}.Debug|Any CPU.Build.0 = Debug|Any CPU
		{403C505D-D853-3F3D-3B00-1DA695FB5F72}.Release|Any CPU.ActiveCfg = Release|Any CPU
		{403C505D-D853-3F3D-3B00-1DA695FB5F72}.Release|Any CPU.Build.0 = Release|Any CPU
		{F2A5865C-B49D-618D-B2A7-9331C1A5CA44}.Debug|Any CPU.ActiveCfg = Debug|Any CPU
		{F2A5865C-B49D-618D-B2A7-9331C1A5CA44}.Debug|Any CPU.Build.0 = Debug|Any CPU
		{F2A5865C-B49D-618D-B2A7-9331C1A5CA44}.Release|Any CPU.ActiveCfg = Release|Any CPU
		{F2A5865C-B49D-618D-B2A7-9331C1A5CA44}.Release|Any CPU.Build.0 = Release|Any CPU
		{42DAC6E3-5DCA-5D29-E94B-469A25AF47D5}.Debug|Any CPU.ActiveCfg = Debug|Any CPU
		{42DAC6E3-5DCA-5D29-E94B-469A25AF47D5}.Debug|Any CPU.Build.0 = Debug|Any CPU
		{42DAC6E3-5DCA-5D29-E94B-469A25AF47D5}.Release|Any CPU.ActiveCfg = Release|Any CPU
		{42DAC6E3-5DCA-5D29-E94B-469A25AF47D5}.Release|Any CPU.Build.0 = Release|Any CPU
		{AAC83CA7-D570-8509-E9D5-B2C69C72E558}.Debug|Any CPU.ActiveCfg = Debug|Any CPU
		{AAC83CA7-D570-8509-E9D5-B2C69C72E558}.Debug|Any CPU.Build.0 = Debug|Any CPU
		{AAC83CA7-D570-8509-E9D5-B2C69C72E558}.Release|Any CPU.ActiveCfg = Release|Any CPU
		{AAC83CA7-D570-8509-E9D5-B2C69C72E558}.Release|Any CPU.Build.0 = Release|Any CPU
		{33E59A54-2FF2-A4D1-ABA0-0FD073DFCE7F}.Debug|Any CPU.ActiveCfg = Debug|Any CPU
		{33E59A54-2FF2-A4D1-ABA0-0FD073DFCE7F}.Debug|Any CPU.Build.0 = Debug|Any CPU
		{33E59A54-2FF2-A4D1-ABA0-0FD073DFCE7F}.Release|Any CPU.ActiveCfg = Release|Any CPU
		{33E59A54-2FF2-A4D1-ABA0-0FD073DFCE7F}.Release|Any CPU.Build.0 = Release|Any CPU
		{97DE150D-239A-F0C5-9631-477EFBE626A2}.Debug|Any CPU.ActiveCfg = Debug|Any CPU
		{97DE150D-239A-F0C5-9631-477EFBE626A2}.Debug|Any CPU.Build.0 = Debug|Any CPU
		{97DE150D-239A-F0C5-9631-477EFBE626A2}.Release|Any CPU.ActiveCfg = Release|Any CPU
		{97DE150D-239A-F0C5-9631-477EFBE626A2}.Release|Any CPU.Build.0 = Release|Any CPU
		{DBB02C0A-D05A-611B-C0B1-86FA3B9EB224}.Debug|Any CPU.ActiveCfg = Debug|Any CPU
		{DBB02C0A-D05A-611B-C0B1-86FA3B9EB224}.Debug|Any CPU.Build.0 = Debug|Any CPU
		{DBB02C0A-D05A-611B-C0B1-86FA3B9EB224}.Release|Any CPU.ActiveCfg = Release|Any CPU
		{DBB02C0A-D05A-611B-C0B1-86FA3B9EB224}.Release|Any CPU.Build.0 = Release|Any CPU
		{7F1BE4BD-EB9F-58D7-AB3B-4781AD18EDC3}.Debug|Any CPU.ActiveCfg = Debug|Any CPU
		{7F1BE4BD-EB9F-58D7-AB3B-4781AD18EDC3}.Debug|Any CPU.Build.0 = Debug|Any CPU
		{7F1BE4BD-EB9F-58D7-AB3B-4781AD18EDC3}.Release|Any CPU.ActiveCfg = Release|Any CPU
		{7F1BE4BD-EB9F-58D7-AB3B-4781AD18EDC3}.Release|Any CPU.Build.0 = Release|Any CPU
		{C9ED6413-C42A-F75E-39CE-CE6CB6EE750F}.Debug|Any CPU.ActiveCfg = Debug|Any CPU
		{C9ED6413-C42A-F75E-39CE-CE6CB6EE750F}.Debug|Any CPU.Build.0 = Debug|Any CPU
		{C9ED6413-C42A-F75E-39CE-CE6CB6EE750F}.Release|Any CPU.ActiveCfg = Release|Any CPU
		{C9ED6413-C42A-F75E-39CE-CE6CB6EE750F}.Release|Any CPU.Build.0 = Release|Any CPU
		{4F2C3D33-015E-AB11-4AEF-FD8530A23A72}.Debug|Any CPU.ActiveCfg = Debug|Any CPU
		{4F2C3D33-015E-AB11-4AEF-FD8530A23A72}.Debug|Any CPU.Build.0 = Debug|Any CPU
		{4F2C3D33-015E-AB11-4AEF-FD8530A23A72}.Release|Any CPU.ActiveCfg = Release|Any CPU
		{4F2C3D33-015E-AB11-4AEF-FD8530A23A72}.Release|Any CPU.Build.0 = Release|Any CPU
		{D9FE8723-043F-CA24-52A0-599F0E6EB290}.Debug|Any CPU.ActiveCfg = Debug|Any CPU
		{D9FE8723-043F-CA24-52A0-599F0E6EB290}.Debug|Any CPU.Build.0 = Debug|Any CPU
		{D9FE8723-043F-CA24-52A0-599F0E6EB290}.Release|Any CPU.ActiveCfg = Release|Any CPU
		{D9FE8723-043F-CA24-52A0-599F0E6EB290}.Release|Any CPU.Build.0 = Release|Any CPU
		{8F041D7C-B022-6BCA-F6BB-246E1D4DA479}.Debug|Any CPU.ActiveCfg = Debug|Any CPU
		{8F041D7C-B022-6BCA-F6BB-246E1D4DA479}.Debug|Any CPU.Build.0 = Debug|Any CPU
		{8F041D7C-B022-6BCA-F6BB-246E1D4DA479}.Release|Any CPU.ActiveCfg = Release|Any CPU
		{8F041D7C-B022-6BCA-F6BB-246E1D4DA479}.Release|Any CPU.Build.0 = Release|Any CPU
		{F3D6E68A-00E6-7141-8570-B77E75816708}.Debug|Any CPU.ActiveCfg = Debug|Any CPU
		{F3D6E68A-00E6-7141-8570-B77E75816708}.Debug|Any CPU.Build.0 = Debug|Any CPU
		{F3D6E68A-00E6-7141-8570-B77E75816708}.Release|Any CPU.ActiveCfg = Release|Any CPU
		{F3D6E68A-00E6-7141-8570-B77E75816708}.Release|Any CPU.Build.0 = Release|Any CPU
		{22D5DD08-926E-2988-FD40-D22F14405BEE}.Debug|Any CPU.ActiveCfg = Debug|Any CPU
		{22D5DD08-926E-2988-FD40-D22F14405BEE}.Debug|Any CPU.Build.0 = Debug|Any CPU
		{22D5DD08-926E-2988-FD40-D22F14405BEE}.Release|Any CPU.ActiveCfg = Release|Any CPU
		{22D5DD08-926E-2988-FD40-D22F14405BEE}.Release|Any CPU.Build.0 = Release|Any CPU
		{AB39042C-C153-FE0A-E1B8-1F62CEF0BADD}.Debug|Any CPU.ActiveCfg = Debug|Any CPU
		{AB39042C-C153-FE0A-E1B8-1F62CEF0BADD}.Debug|Any CPU.Build.0 = Debug|Any CPU
		{AB39042C-C153-FE0A-E1B8-1F62CEF0BADD}.Release|Any CPU.ActiveCfg = Release|Any CPU
		{AB39042C-C153-FE0A-E1B8-1F62CEF0BADD}.Release|Any CPU.Build.0 = Release|Any CPU
		{E5F11DF6-2E3A-5F4C-842F-818443250908}.Debug|Any CPU.ActiveCfg = Debug|Any CPU
		{E5F11DF6-2E3A-5F4C-842F-818443250908}.Debug|Any CPU.Build.0 = Debug|Any CPU
		{E5F11DF6-2E3A-5F4C-842F-818443250908}.Release|Any CPU.ActiveCfg = Release|Any CPU
		{E5F11DF6-2E3A-5F4C-842F-818443250908}.Release|Any CPU.Build.0 = Release|Any CPU
		{F5C2DB47-CD9A-CD11-3C6A-3DE7439F9340}.Debug|Any CPU.ActiveCfg = Debug|Any CPU
		{F5C2DB47-CD9A-CD11-3C6A-3DE7439F9340}.Debug|Any CPU.Build.0 = Debug|Any CPU
		{F5C2DB47-CD9A-CD11-3C6A-3DE7439F9340}.Release|Any CPU.ActiveCfg = Release|Any CPU
		{F5C2DB47-CD9A-CD11-3C6A-3DE7439F9340}.Release|Any CPU.Build.0 = Release|Any CPU
		{41109C66-A851-DC67-35C1-C27845B2F2A9}.Debug|Any CPU.ActiveCfg = Debug|Any CPU
		{41109C66-A851-DC67-35C1-C27845B2F2A9}.Debug|Any CPU.Build.0 = Debug|Any CPU
		{41109C66-A851-DC67-35C1-C27845B2F2A9}.Release|Any CPU.ActiveCfg = Release|Any CPU
		{41109C66-A851-DC67-35C1-C27845B2F2A9}.Release|Any CPU.Build.0 = Release|Any CPU
		{1C6C2DDE-3C96-4C7C-4B66-6EE445F40CF1}.Debug|Any CPU.ActiveCfg = Debug|Any CPU
		{1C6C2DDE-3C96-4C7C-4B66-6EE445F40CF1}.Debug|Any CPU.Build.0 = Debug|Any CPU
		{1C6C2DDE-3C96-4C7C-4B66-6EE445F40CF1}.Release|Any CPU.ActiveCfg = Release|Any CPU
		{1C6C2DDE-3C96-4C7C-4B66-6EE445F40CF1}.Release|Any CPU.Build.0 = Release|Any CPU
		{31F8F129-C101-D467-72C6-768A587091A1}.Debug|Any CPU.ActiveCfg = Debug|Any CPU
		{31F8F129-C101-D467-72C6-768A587091A1}.Debug|Any CPU.Build.0 = Debug|Any CPU
		{31F8F129-C101-D467-72C6-768A587091A1}.Release|Any CPU.ActiveCfg = Release|Any CPU
		{31F8F129-C101-D467-72C6-768A587091A1}.Release|Any CPU.Build.0 = Release|Any CPU
		{A576C61F-7CC5-B916-5F34-333134C1F360}.Debug|Any CPU.ActiveCfg = Debug|Any CPU
		{A576C61F-7CC5-B916-5F34-333134C1F360}.Debug|Any CPU.Build.0 = Debug|Any CPU
		{A576C61F-7CC5-B916-5F34-333134C1F360}.Release|Any CPU.ActiveCfg = Release|Any CPU
		{A576C61F-7CC5-B916-5F34-333134C1F360}.Release|Any CPU.Build.0 = Release|Any CPU
	EndGlobalSection
	GlobalSection(SolutionProperties) = preSolution
		HideSolutionNode = FALSE
	EndGlobalSection
EndGlobal
